
Microsoft Visual Studio Solution File, Format Version 12.00
# Visual Studio 15
VisualStudioVersion = 15.0.28307.329
MinimumVisualStudioVersion = 10.0.40219.1
Project("{FAE04EC0-301F-11D3-BF4B-00C04F79EFBC}") = "SistemaLoja", "SistemaLoja\SistemaLoja.csproj", "{D249F1BA-D1D3-476F-9375-43565C02C910}"
EndProject
Project("{FAE04EC0-301F-11D3-BF4B-00C04F79EFBC}") = "SistemaLoja.Tests", "SistemaLoja.Tests\SistemaLoja.Tests.csproj", "{D8BCD848-E88F-4D1D-A343-698E107BE233}"
EndProject
Project("{FAE04EC0-301F-11D3-BF4B-00C04F79EFBC}") = "WCF", "WCF\WCF.csproj", "{1B69CC19-10D2-4D10-AFD0-C7ADDB3CAEDF}"
EndProject
Global
	GlobalSection(SolutionConfigurationPlatforms) = preSolution
		Debug|Any CPU = Debug|Any CPU
		Release|Any CPU = Release|Any CPU
	EndGlobalSection
	GlobalSection(ProjectConfigurationPlatforms) = postSolution
		{D249F1BA-D1D3-476F-9375-43565C02C910}.Debug|Any CPU.ActiveCfg = Debug|Any CPU
		{D249F1BA-D1D3-476F-9375-43565C02C910}.Debug|Any CPU.Build.0 = Debug|Any CPU
		{D249F1BA-D1D3-476F-9375-43565C02C910}.Release|Any CPU.ActiveCfg = Release|Any CPU
		{D249F1BA-D1D3-476F-9375-43565C02C910}.Release|Any CPU.Build.0 = Release|Any CPU
		{D8BCD848-E88F-4D1D-A343-698E107BE233}.Debug|Any CPU.ActiveCfg = Debug|Any CPU
		{D8BCD848-E88F-4D1D-A343-698E107BE233}.Debug|Any CPU.Build.0 = Debug|Any CPU
		{D8BCD848-E88F-4D1D-A343-698E107BE233}.Release|Any CPU.ActiveCfg = Release|Any CPU
		{D8BCD848-E88F-4D1D-A343-698E107BE233}.Release|Any CPU.Build.0 = Release|Any CPU
		{1B69CC19-10D2-4D10-AFD0-C7ADDB3CAEDF}.Debug|Any CPU.ActiveCfg = Debug|Any CPU
		{1B69CC19-10D2-4D10-AFD0-C7ADDB3CAEDF}.Debug|Any CPU.Build.0 = Debug|Any CPU
		{1B69CC19-10D2-4D10-AFD0-C7ADDB3CAEDF}.Release|Any CPU.ActiveCfg = Release|Any CPU
		{1B69CC19-10D2-4D10-AFD0-C7ADDB3CAEDF}.Release|Any CPU.Build.0 = Release|Any CPU
	EndGlobalSection
	GlobalSection(SolutionProperties) = preSolution
		HideSolutionNode = FALSE
	EndGlobalSection
	GlobalSection(ExtensibilityGlobals) = postSolution
		SolutionGuid = {622BA5FF-3E85-4AB8-9E0C-47BA3A89C376}
	EndGlobalSection
EndGlobal
